
Microsoft Visual Studio Solution File, Format Version 12.00
# Visual Studio Version 17
VisualStudioVersion = 17.6.33815.320
MinimumVisualStudioVersion = 10.0.40219.1
Project("{FAE04EC0-301F-11D3-BF4B-00C04F79EFBC}") = "HTTP-server", "HTTP-server\HTTP-server.csproj", "{EFB501E0-1C18-4F26-9C29-CA699E207B31}"
EndProject
Global
	GlobalSection(SolutionConfigurationPlatforms) = preSolution
		Debug|Any CPU = Debug|Any CPU
		Release|Any CPU = Release|Any CPU
	EndGlobalSection
	GlobalSection(ProjectConfigurationPlatforms) = postSolution
		{EFB501E0-1C18-4F26-9C29-CA699E207B31}.Debug|Any CPU.ActiveCfg = Debug|Any CPU
		{EFB501E0-1C18-4F26-9C29-CA699E207B31}.Debug|Any CPU.Build.0 = Debug|Any CPU
		{EFB501E0-1C18-4F26-9C29-CA699E207B31}.Release|Any CPU.ActiveCfg = Release|Any CPU
		{EFB501E0-1C18-4F26-9C29-CA699E207B31}.Release|Any CPU.Build.0 = Release|Any CPU
	EndGlobalSection
	GlobalSection(SolutionProperties) = preSolution
		HideSolutionNode = FALSE
	EndGlobalSection
	GlobalSection(ExtensibilityGlobals) = postSolution
		SolutionGuid = {B5B7DBFC-1BB0-4B7C-A061-ECA3F32B57F1}
	EndGlobalSection
EndGlobal
